
Microsoft Visual Studio Solution File, Format Version 12.00
# Visual Studio 2012
Project("{FAE04EC0-301F-11D3-BF4B-00C04F79EFBC}") = "CIS3342TermProjectFall2015", "CIS3342TermProjectFall2015\CIS3342TermProjectFall2015.csproj", "{0A3565F4-C20F-4E2F-9590-F38FEF1C4407}"
EndProject
Project("{FAE04EC0-301F-11D3-BF4B-00C04F79EFBC}") = "TermProjectClassLib", "TermProjectClassLib\TermProjectClassLib.csproj", "{27C14ED0-686C-4AB3-AE69-7EEE6ACA3443}"
EndProject
Global
	GlobalSection(SolutionConfigurationPlatforms) = preSolution
		Debug|Any CPU = Debug|Any CPU
		Release|Any CPU = Release|Any CPU
	EndGlobalSection
	GlobalSection(ProjectConfigurationPlatforms) = postSolution
		{0A3565F4-C20F-4E2F-9590-F38FEF1C4407}.Debug|Any CPU.ActiveCfg = Debug|Any CPU
		{0A3565F4-C20F-4E2F-9590-F38FEF1C4407}.Debug|Any CPU.Build.0 = Debug|Any CPU
		{0A3565F4-C20F-4E2F-9590-F38FEF1C4407}.Release|Any CPU.ActiveCfg = Release|Any CPU
		{0A3565F4-C20F-4E2F-9590-F38FEF1C4407}.Release|Any CPU.Build.0 = Release|Any CPU
		{27C14ED0-686C-4AB3-AE69-7EEE6ACA3443}.Debug|Any CPU.ActiveCfg = Debug|Any CPU
		{27C14ED0-686C-4AB3-AE69-7EEE6ACA3443}.Debug|Any CPU.Build.0 = Debug|Any CPU
		{27C14ED0-686C-4AB3-AE69-7EEE6ACA3443}.Release|Any CPU.ActiveCfg = Release|Any CPU
		{27C14ED0-686C-4AB3-AE69-7EEE6ACA3443}.Release|Any CPU.Build.0 = Release|Any CPU
	EndGlobalSection
	GlobalSection(SolutionProperties) = preSolution
		HideSolutionNode = FALSE
	EndGlobalSection
EndGlobal
